
Microsoft Visual Studio Solution File, Format Version 12.00
# Visual Studio Version 16
VisualStudioVersion = 16.0.29911.84
MinimumVisualStudioVersion = 10.0.40219.1
Project("{FAE04EC0-301F-11D3-BF4B-00C04F79EFBC}") = "Bestiary", "WindowsFormsApp1\Bestiary.csproj", "{FBF4AA72-F005-4270-AB82-2B4EDF8401C0}"
EndProject
Global
	GlobalSection(SolutionConfigurationPlatforms) = preSolution
		Debug|Any CPU = Debug|Any CPU
		Release|Any CPU = Release|Any CPU
	EndGlobalSection
	GlobalSection(ProjectConfigurationPlatforms) = postSolution
		{FBF4AA72-F005-4270-AB82-2B4EDF8401C0}.Debug|Any CPU.ActiveCfg = Debug|Any CPU
		{FBF4AA72-F005-4270-AB82-2B4EDF8401C0}.Debug|Any CPU.Build.0 = Debug|Any CPU
		{FBF4AA72-F005-4270-AB82-2B4EDF8401C0}.Release|Any CPU.ActiveCfg = Release|Any CPU
		{FBF4AA72-F005-4270-AB82-2B4EDF8401C0}.Release|Any CPU.Build.0 = Release|Any CPU
	EndGlobalSection
	GlobalSection(SolutionProperties) = preSolution
		HideSolutionNode = FALSE
	EndGlobalSection
	GlobalSection(ExtensibilityGlobals) = postSolution
		SolutionGuid = {FAB00FE1-2B4C-4F9F-AA29-44F3F27DEF59}
	EndGlobalSection
EndGlobal
